
Microsoft Visual Studio Solution File, Format Version 12.00
# Visual Studio 2017
Project("{FAE04EC0-301F-11D3-BF4B-00C04F79EFBC}") = "Sample scenes - multiplayer", "Sample scenes - multiplayer.csproj", "{8D0A16C3-257D-4939-C774-E445E8B73775}"
EndProject
Project("{FAE04EC0-301F-11D3-BF4B-00C04F79EFBC}") = "Sample scenes - multiplayer.Plugins", "Sample scenes - multiplayer.Plugins.csproj", "{FA826136-5CEF-D17E-0AAA-3B36768ABCEE}"
EndProject
Project("{FAE04EC0-301F-11D3-BF4B-00C04F79EFBC}") = "Sample scenes - multiplayer.Editor", "Sample scenes - multiplayer.Editor.csproj", "{91D5631F-2F0F-2E19-C2B3-A201DDB8C284}"
EndProject
Global
	GlobalSection(SolutionConfigurationPlatforms) = preSolution
		Debug|Any CPU = Debug|Any CPU
		Release|Any CPU = Release|Any CPU
	EndGlobalSection
	GlobalSection(ProjectConfigurationPlatforms) = postSolution
		{8D0A16C3-257D-4939-C774-E445E8B73775}.Debug|Any CPU.ActiveCfg = Debug|Any CPU
		{8D0A16C3-257D-4939-C774-E445E8B73775}.Debug|Any CPU.Build.0 = Debug|Any CPU
		{8D0A16C3-257D-4939-C774-E445E8B73775}.Release|Any CPU.ActiveCfg = Release|Any CPU
		{8D0A16C3-257D-4939-C774-E445E8B73775}.Release|Any CPU.Build.0 = Release|Any CPU
		{FA826136-5CEF-D17E-0AAA-3B36768ABCEE}.Debug|Any CPU.ActiveCfg = Debug|Any CPU
		{FA826136-5CEF-D17E-0AAA-3B36768ABCEE}.Debug|Any CPU.Build.0 = Debug|Any CPU
		{FA826136-5CEF-D17E-0AAA-3B36768ABCEE}.Release|Any CPU.ActiveCfg = Release|Any CPU
		{FA826136-5CEF-D17E-0AAA-3B36768ABCEE}.Release|Any CPU.Build.0 = Release|Any CPU
		{91D5631F-2F0F-2E19-C2B3-A201DDB8C284}.Debug|Any CPU.ActiveCfg = Debug|Any CPU
		{91D5631F-2F0F-2E19-C2B3-A201DDB8C284}.Debug|Any CPU.Build.0 = Debug|Any CPU
		{91D5631F-2F0F-2E19-C2B3-A201DDB8C284}.Release|Any CPU.ActiveCfg = Release|Any CPU
		{91D5631F-2F0F-2E19-C2B3-A201DDB8C284}.Release|Any CPU.Build.0 = Release|Any CPU
	EndGlobalSection
	GlobalSection(SolutionProperties) = preSolution
		HideSolutionNode = FALSE
	EndGlobalSection
EndGlobal
