
Microsoft Visual Studio Solution File, Format Version 12.00
# Visual Studio 2017
Project("{FAE04EC0-301F-11D3-BF4B-00C04F79EFBC}") = "Move by iTween", "Move by iTween.csproj", "{80B8A50A-536B-D9F7-8747-8F7985DEA205}"
EndProject
Project("{FAE04EC0-301F-11D3-BF4B-00C04F79EFBC}") = "Move by iTween.Plugins", "Move by iTween.Plugins.csproj", "{5AA90F1C-BE03-4839-4FB3-BC5276B10E9C}"
EndProject
Global
	GlobalSection(SolutionConfigurationPlatforms) = preSolution
		Debug|Any CPU = Debug|Any CPU
		Release|Any CPU = Release|Any CPU
	EndGlobalSection
	GlobalSection(ProjectConfigurationPlatforms) = postSolution
		{80B8A50A-536B-D9F7-8747-8F7985DEA205}.Debug|Any CPU.ActiveCfg = Debug|Any CPU
		{80B8A50A-536B-D9F7-8747-8F7985DEA205}.Debug|Any CPU.Build.0 = Debug|Any CPU
		{80B8A50A-536B-D9F7-8747-8F7985DEA205}.Release|Any CPU.ActiveCfg = Release|Any CPU
		{80B8A50A-536B-D9F7-8747-8F7985DEA205}.Release|Any CPU.Build.0 = Release|Any CPU
		{5AA90F1C-BE03-4839-4FB3-BC5276B10E9C}.Debug|Any CPU.ActiveCfg = Debug|Any CPU
		{5AA90F1C-BE03-4839-4FB3-BC5276B10E9C}.Debug|Any CPU.Build.0 = Debug|Any CPU
		{5AA90F1C-BE03-4839-4FB3-BC5276B10E9C}.Release|Any CPU.ActiveCfg = Release|Any CPU
		{5AA90F1C-BE03-4839-4FB3-BC5276B10E9C}.Release|Any CPU.Build.0 = Release|Any CPU
	EndGlobalSection
	GlobalSection(SolutionProperties) = preSolution
		HideSolutionNode = FALSE
	EndGlobalSection
EndGlobal
